{
  "name": "AlgoTrading",
  "lockfileVersion": 2,
  "requires": true,
  "packages": {
    "": {
      "dependencies": {
        "material-dashboard": "^2.1.0"
      }
    },
    "node_modules/material-dashboard": {
      "version": "2.1.0",
      "resolved": "https://registry.npmjs.org/material-dashboard/-/material-dashboard-2.1.0.tgz",
      "integrity": "sha512-de6if9WnelNvQdtLRcyTao3vx1ESjOVsX6tiwAmSjJvfBHcHgKO9wP54jYLfYIn3ILbluqXh1GXPqubNLgH/Kg=="
    }
  },
  "dependencies": {
    "material-dashboard": {
      "version": "2.1.0",
      "resolved": "https://registry.npmjs.org/material-dashboard/-/material-dashboard-2.1.0.tgz",
      "integrity": "sha512-de6if9WnelNvQdtLRcyTao3vx1ESjOVsX6tiwAmSjJvfBHcHgKO9wP54jYLfYIn3ILbluqXh1GXPqubNLgH/Kg=="
    }
  }
}
